{
  "originHash" : "f63ff3bc0d804d76737ff6f5020a9d454458375b412b5d15890b6cd92888de72",
  "pins" : [
    {
      "identity" : "keychainaccess",
      "kind" : "remoteSourceControl",
      "location" : "https://github.com/kishikawakatsumi/KeychainAccess",
      "state" : {
        "revision" : "84e546727d66f1adc5439debad16270d0fdd04e7",
        "version" : "4.2.2"
      }
    },
    {
      "identity" : "realm-core",
      "kind" : "remoteSourceControl",
      "location" : "https://github.com/realm/realm-core.git",
      "state" : {
        "revision" : "15493076ad9fef22c16cc64cbfbf9e5b65c385f9",
        "version" : "20.1.0"
      }
    },
    {
      "identity" : "realm-swift",
      "kind" : "remoteSourceControl",
      "location" : "https://github.com/realm/realm-swift",
      "state" : {
        "revision" : "bae6c4be7df169fdb047d0ad63f902c1e2665e83",
        "version" : "20.0.1"
      }
    },
    {
      "identity" : "sentry-cocoa",
      "kind" : "remoteSourceControl",
      "location" : "https://github.com/getsentry/sentry-cocoa",
      "state" : {
        "revision" : "4589f82132097558d386710b139bfe9c35c64d4a",
        "version" : "8.48.0"
      }
    },
    {
      "identity" : "toastview",
      "kind" : "remoteSourceControl",
      "location" : "git@github.com:PhilippeWeidmann/ToastView.git",
      "state" : {
        "branch" : "master",
        "revision" : "564087d21728dc3dd228b6a46eac7aced00ded3e"
      }
    }
  ],
  "version" : 3
}
