{
  "originHash" : "32f726bcd51c0da32400c405806857294facd4f83fd691742388a8e8bdc0660d",
  "pins" : [
    {
      "identity" : "keychainaccess",
      "kind" : "remoteSourceControl",
      "location" : "https://github.com/kishikawakatsumi/KeychainAccess",
      "state" : {
        "revision" : "84e546727d66f1adc5439debad16270d0fdd04e7",
        "version" : "4.2.2"
      }
    },
    {
      "identity" : "realm-core",
      "kind" : "remoteSourceControl",
      "location" : "https://github.com/realm/realm-core.git",
      "state" : {
        "revision" : "15493076ad9fef22c16cc64cbfbf9e5b65c385f9",
        "version" : "20.1.0"
      }
    },
    {
      "identity" : "realm-swift",
      "kind" : "remoteSourceControl",
      "location" : "https://github.com/realm/realm-swift",
      "state" : {
        "revision" : "6260534683132eb981338c7c39fd5e69205876e6",
        "version" : "20.0.3"
      }
    },
    {
      "identity" : "sentry-cocoa",
      "kind" : "remoteSourceControl",
      "location" : "https://github.com/getsentry/sentry-cocoa",
      "state" : {
        "revision" : "56fb914f14922efeda6c744c0125696552b6d2b5",
        "version" : "8.53.1"
      }
    },
    {
      "identity" : "toastview",
      "kind" : "remoteSourceControl",
      "location" : "git@github.com:PhilippeWeidmann/ToastView.git",
      "state" : {
        "branch" : "master",
        "revision" : "564087d21728dc3dd228b6a46eac7aced00ded3e"
      }
    }
  ],
  "version" : 3
}
